<?xml version="1.0" encoding="utf-8"?>
<Project ToolsVersion="4.0" xmlns="http://schemas.microsoft.com/developer/msbuild/2003">
  <ItemGroup>
    <Filter Include="原始程式檔">
      <UniqueIdentifier>{4FC737F1-C7A5-4376-A066-2A32D752A2FF}</UniqueIdentifier>
      <Extensions>cpp;c;cc;cxx;def;odl;idl;hpj;bat;asm;asmx</Extensions>
    </Filter>
    <Filter Include="標頭檔">
      <UniqueIdentifier>{93995380-89BD-4b04-88EB-625FBE52EBFB}</UniqueIdentifier>
      <Extensions>h;hh;hpp;hxx;hm;inl;inc;xsd</Extensions>
    </Filter>
    <Filter Include="資源檔">
      <UniqueIdentifier>{67DA6AB6-F800-4c08-8B7A-83BB121AAD01}</UniqueIdentifier>
      <Extensions>rc;ico;cur;bmp;dlg;rc2;rct;bin;rgs;gif;jpg;jpeg;jpe;resx;tiff;tif;png;wav;mfcribbon-ms</Extensions>
    </Filter>
    <Filter Include="原始程式檔\Model">
      <UniqueIdentifier>{34a86bae-c2e9-44ca-9b2e-95b8408f8b1e}</UniqueIdentifier>
    </Filter>
    <Filter Include="原始程式檔\View">
      <UniqueIdentifier>{748b54f8-1635-4c78-83cf-090752a6d50b}</UniqueIdentifier>
    </Filter>
    <Filter Include="標頭檔\Model">
      <UniqueIdentifier>{5a4e486b-f9a9-4c0e-b020-0054c659a0b3}</UniqueIdentifier>
    </Filter>
    <Filter Include="標頭檔\View">
      <UniqueIdentifier>{2216ff2b-96b7-421c-901a-81c8e06b8014}</UniqueIdentifier>
    </Filter>
    <Filter Include="原始程式檔\Model\Composite">
      <UniqueIdentifier>{bdcf2a94-d261-40ed-a1dc-91d8547d7c49}</UniqueIdentifier>
    </Filter>
    <Filter Include="標頭檔\Model\Composite">
      <UniqueIdentifier>{d441d51a-851f-4367-b43c-2802b7966cf7}</UniqueIdentifier>
    </Filter>
    <Filter Include="標頭檔\Const">
      <UniqueIdentifier>{cfa03abb-74b1-419d-b421-b7a80204d958}</UniqueIdentifier>
    </Filter>
    <Filter Include="標頭檔\Model\Command">
      <UniqueIdentifier>{82244a1e-fa16-4e1b-a552-169e270e51f9}</UniqueIdentifier>
    </Filter>
    <Filter Include="原始程式檔\Model\Command">
      <UniqueIdentifier>{3819b5fe-e92c-45dc-af9e-46053f07da36}</UniqueIdentifier>
    </Filter>
    <Filter Include="標頭檔\Model\Command\Actions">
      <UniqueIdentifier>{5b145e6e-f641-4a09-a6f9-67e0296bed7e}</UniqueIdentifier>
    </Filter>
    <Filter Include="原始程式檔\Model\Command\Actions">
      <UniqueIdentifier>{8a62d489-3626-4220-ab78-b4dad970d89c}</UniqueIdentifier>
    </Filter>
  </ItemGroup>
  <ItemGroup>
    <Text Include="ReadMe.txt" />
  </ItemGroup>
  <ItemGroup>
    <ClInclude Include="stdafx.h">
      <Filter>標頭檔</Filter>
    </ClInclude>
    <ClInclude Include="targetver.h">
      <Filter>標頭檔</Filter>
    </ClInclude>
    <ClInclude Include="MindMapModel.h">
      <Filter>標頭檔\Model</Filter>
    </ClInclude>
    <ClInclude Include="TextUI.h">
      <Filter>標頭檔\View</Filter>
    </ClInclude>
    <ClInclude Include="Component.h">
      <Filter>標頭檔\Model\Composite</Filter>
    </ClInclude>
    <ClInclude Include="Composite.h">
      <Filter>標頭檔\Model\Composite</Filter>
    </ClInclude>
    <ClInclude Include="Node.h">
      <Filter>標頭檔\Model\Composite</Filter>
    </ClInclude>
    <ClInclude Include="Root.h">
      <Filter>標頭檔\Model\Composite</Filter>
    </ClInclude>
    <ClInclude Include="PresentModel.h">
      <Filter>標頭檔\Model</Filter>
    </ClInclude>
    <ClInclude Include="ComponentFactory.h">
      <Filter>標頭檔\Model</Filter>
    </ClInclude>
    <ClInclude Include="TypeConst.h">
      <Filter>標頭檔\Const</Filter>
    </ClInclude>
    <ClInclude Include="CommandManager.h">
      <Filter>標頭檔\Model\Command</Filter>
    </ClInclude>
    <ClInclude Include="Command.h">
      <Filter>標頭檔\Model\Command</Filter>
    </ClInclude>
    <ClInclude Include="ChangeParentCommand.h">
      <Filter>標頭檔\Model\Command\Actions</Filter>
    </ClInclude>
    <ClInclude Include="DeleteComponentCommand.h">
      <Filter>標頭檔\Model\Command\Actions</Filter>
    </ClInclude>
    <ClInclude Include="EditComponentCommand.h">
      <Filter>標頭檔\Model\Command\Actions</Filter>
    </ClInclude>
    <ClInclude Include="InsertChildNodeCommand.h">
      <Filter>標頭檔\Model\Command\Actions</Filter>
    </ClInclude>
    <ClInclude Include="InsertParentNodeCommand.h">
      <Filter>標頭檔\Model\Command\Actions</Filter>
    </ClInclude>
    <ClInclude Include="InsertSiblingNodeCommand.h">
      <Filter>標頭檔\Model\Command\Actions</Filter>
    </ClInclude>
  </ItemGroup>
  <ItemGroup>
    <ClCompile Include="stdafx.cpp">
      <Filter>原始程式檔</Filter>
    </ClCompile>
    <ClCompile Include="Project.cpp">
      <Filter>原始程式檔</Filter>
    </ClCompile>
    <ClCompile Include="MindMapModel.cpp">
      <Filter>原始程式檔\Model</Filter>
    </ClCompile>
    <ClCompile Include="TextUI.cpp">
      <Filter>原始程式檔\View</Filter>
    </ClCompile>
    <ClCompile Include="Component.cpp">
      <Filter>原始程式檔\Model\Composite</Filter>
    </ClCompile>
    <ClCompile Include="Composite.cpp">
      <Filter>原始程式檔\Model\Composite</Filter>
    </ClCompile>
    <ClCompile Include="Node.cpp">
      <Filter>原始程式檔\Model\Composite</Filter>
    </ClCompile>
    <ClCompile Include="Root.cpp">
      <Filter>原始程式檔\Model\Composite</Filter>
    </ClCompile>
    <ClCompile Include="PresentModel.cpp">
      <Filter>原始程式檔\Model</Filter>
    </ClCompile>
    <ClCompile Include="ComponentFactory.cpp">
      <Filter>原始程式檔\Model</Filter>
    </ClCompile>
    <ClCompile Include="Command.cpp">
      <Filter>原始程式檔\Model\Command</Filter>
    </ClCompile>
    <ClCompile Include="CommandManager.cpp">
      <Filter>原始程式檔\Model\Command</Filter>
    </ClCompile>
    <ClCompile Include="ChangeParentCommand.cpp">
      <Filter>原始程式檔\Model\Command\Actions</Filter>
    </ClCompile>
    <ClCompile Include="DeleteComponentCommand.cpp">
      <Filter>原始程式檔\Model\Command\Actions</Filter>
    </ClCompile>
    <ClCompile Include="EditComponentCommand.cpp">
      <Filter>原始程式檔\Model\Command\Actions</Filter>
    </ClCompile>
    <ClCompile Include="InsertChildNodeCommand.cpp">
      <Filter>原始程式檔\Model\Command\Actions</Filter>
    </ClCompile>
    <ClCompile Include="InsertParentNodeCommand.cpp">
      <Filter>原始程式檔\Model\Command\Actions</Filter>
    </ClCompile>
    <ClCompile Include="InsertSiblingNodeCommand.cpp">
      <Filter>原始程式檔\Model\Command\Actions</Filter>
    </ClCompile>
  </ItemGroup>
</Project>